// !$*UTF8*$!
{
	archiveVersion = 1;
	classes = {
	};
	objectVersion = 55;
	objects = {

/* Begin PBXBuildFile section */
		1A03480A285E4E0000081A88 /* MyView.xib in Resources */ = {isa = PBXBuildFile; fileRef = 1A034809285E4E0000081A88 /* MyView.xib */; };
		1A50F65A28453DFE00E09D1A /* AppDelegate.swift in Sources */ = {isa = PBXBuildFile; fileRef = 1A50F65928453DFE00E09D1A /* AppDelegate.swift */; };
		1A50F65C28453DFE00E09D1A /* SceneDelegate.swift in Sources */ = {isa = PBXBuildFile; fileRef = 1A50F65B28453DFE00E09D1A /* SceneDelegate.swift */; };
		1A50F66328453E0000E09D1A /* Assets.xcassets in Resources */ = {isa = PBXBuildFile; fileRef = 1A50F66228453E0000E09D1A /* Assets.xcassets */; };
		1A50F66628453E0000E09D1A /* LaunchScreen.storyboard in Resources */ = {isa = PBXBuildFile; fileRef = 1A50F66428453E0000E09D1A /* LaunchScreen.storyboard */; };
		1A50F66E28454A3E00E09D1A /* scoresdata.json in Resources */ = {isa = PBXBuildFile; fileRef = 1A50F66D28454A3E00E09D1A /* scoresdata.json */; };
		1A50F6712846873A00E09D1A /* Main.storyboard in Resources */ = {isa = PBXBuildFile; fileRef = 1A50F6702846873A00E09D1A /* Main.storyboard */; };
		1A50F6732846879600E09D1A /* ScoresTableViewController.swift in Sources */ = {isa = PBXBuildFile; fileRef = 1A50F6722846879600E09D1A /* ScoresTableViewController.swift */; };
		1A50F67528468C7400E09D1A /* Model.swift in Sources */ = {isa = PBXBuildFile; fileRef = 1A50F67428468C7400E09D1A /* Model.swift */; };
		1A50F67728468D3D00E09D1A /* ModelLogic.swift in Sources */ = {isa = PBXBuildFile; fileRef = 1A50F67628468D3D00E09D1A /* ModelLogic.swift */; };
		1A50F67928468E7300E09D1A /* JSONLoader.swift in Sources */ = {isa = PBXBuildFile; fileRef = 1A50F67828468E7300E09D1A /* JSONLoader.swift */; };
		1A50F67B2847DE8A00E09D1A /* DetailViewController.swift in Sources */ = {isa = PBXBuildFile; fileRef = 1A50F67A2847DE8A00E09D1A /* DetailViewController.swift */; };
		1AD2694C28671B530094D865 /* FavoritesCollectionViewController.swift in Sources */ = {isa = PBXBuildFile; fileRef = 1AD2694B28671B530094D865 /* FavoritesCollectionViewController.swift */; };
		1AD2694E28685E560094D865 /* CoverItemViewCell.swift in Sources */ = {isa = PBXBuildFile; fileRef = 1AD2694D28685E560094D865 /* CoverItemViewCell.swift */; };
		1AFD07E2284BDDD900A83D09 /* Extension.swift in Sources */ = {isa = PBXBuildFile; fileRef = 1AFD07E1284BDDD900A83D09 /* Extension.swift */; };
		1AFD07E4284C9F8C00A83D09 /* CustomPickerView.swift in Sources */ = {isa = PBXBuildFile; fileRef = 1AFD07E3284C9F8C00A83D09 /* CustomPickerView.swift */; };
		1AFD07F0284D1F7900A83D09 /* Utils.swift in Sources */ = {isa = PBXBuildFile; fileRef = 1AFD07EF284D1F7900A83D09 /* Utils.swift */; };
/* End PBXBuildFile section */

/* Begin PBXFileReference section */
		1A034809285E4E0000081A88 /* MyView.xib */ = {isa = PBXFileReference; lastKnownFileType = file.xib; path = MyView.xib; sourceTree = "<group>"; };
		1A50F65628453DFE00E09D1A /* ScoresAPP.app */ = {isa = PBXFileReference; explicitFileType = wrapper.application; includeInIndex = 0; path = ScoresAPP.app; sourceTree = BUILT_PRODUCTS_DIR; };
		1A50F65928453DFE00E09D1A /* AppDelegate.swift */ = {isa = PBXFileReference; lastKnownFileType = sourcecode.swift; path = AppDelegate.swift; sourceTree = "<group>"; };
		1A50F65B28453DFE00E09D1A /* SceneDelegate.swift */ = {isa = PBXFileReference; lastKnownFileType = sourcecode.swift; path = SceneDelegate.swift; sourceTree = "<group>"; };
		1A50F66228453E0000E09D1A /* Assets.xcassets */ = {isa = PBXFileReference; lastKnownFileType = folder.assetcatalog; path = Assets.xcassets; sourceTree = "<group>"; };
		1A50F66528453E0000E09D1A /* Base */ = {isa = PBXFileReference; lastKnownFileType = file.storyboard; name = Base; path = Base.lproj/LaunchScreen.storyboard; sourceTree = "<group>"; };
		1A50F66728453E0000E09D1A /* Info.plist */ = {isa = PBXFileReference; lastKnownFileType = text.plist.xml; path = Info.plist; sourceTree = "<group>"; };
		1A50F66D28454A3E00E09D1A /* scoresdata.json */ = {isa = PBXFileReference; fileEncoding = 4; lastKnownFileType = text.json; path = scoresdata.json; sourceTree = "<group>"; };
		1A50F6702846873A00E09D1A /* Main.storyboard */ = {isa = PBXFileReference; lastKnownFileType = file.storyboard; path = Main.storyboard; sourceTree = "<group>"; };
		1A50F6722846879600E09D1A /* ScoresTableViewController.swift */ = {isa = PBXFileReference; lastKnownFileType = sourcecode.swift; path = ScoresTableViewController.swift; sourceTree = "<group>"; };
		1A50F67428468C7400E09D1A /* Model.swift */ = {isa = PBXFileReference; lastKnownFileType = sourcecode.swift; path = Model.swift; sourceTree = "<group>"; };
		1A50F67628468D3D00E09D1A /* ModelLogic.swift */ = {isa = PBXFileReference; lastKnownFileType = sourcecode.swift; path = ModelLogic.swift; sourceTree = "<group>"; };
		1A50F67828468E7300E09D1A /* JSONLoader.swift */ = {isa = PBXFileReference; lastKnownFileType = sourcecode.swift; path = JSONLoader.swift; sourceTree = "<group>"; };
		1A50F67A2847DE8A00E09D1A /* DetailViewController.swift */ = {isa = PBXFileReference; lastKnownFileType = sourcecode.swift; path = DetailViewController.swift; sourceTree = "<group>"; };
		1AD2694B28671B530094D865 /* FavoritesCollectionViewController.swift */ = {isa = PBXFileReference; lastKnownFileType = sourcecode.swift; path = FavoritesCollectionViewController.swift; sourceTree = "<group>"; };
		1AD2694D28685E560094D865 /* CoverItemViewCell.swift */ = {isa = PBXFileReference; lastKnownFileType = sourcecode.swift; path = CoverItemViewCell.swift; sourceTree = "<group>"; };
		1AFD07E1284BDDD900A83D09 /* Extension.swift */ = {isa = PBXFileReference; lastKnownFileType = sourcecode.swift; path = Extension.swift; sourceTree = "<group>"; };
		1AFD07E3284C9F8C00A83D09 /* CustomPickerView.swift */ = {isa = PBXFileReference; lastKnownFileType = sourcecode.swift; path = CustomPickerView.swift; sourceTree = "<group>"; };
		1AFD07EF284D1F7900A83D09 /* Utils.swift */ = {isa = PBXFileReference; lastKnownFileType = sourcecode.swift; path = Utils.swift; sourceTree = "<group>"; };
/* End PBXFileReference section */

/* Begin PBXFrameworksBuildPhase section */
		1A50F65328453DFE00E09D1A /* Frameworks */ = {
			isa = PBXFrameworksBuildPhase;
			buildActionMask = 2147483647;
			files = (
			);
			runOnlyForDeploymentPostprocessing = 0;
		};
/* End PBXFrameworksBuildPhase section */

/* Begin PBXGroup section */
		1A50F64D28453DFE00E09D1A = {
			isa = PBXGroup;
			children = (
				1A50F65828453DFE00E09D1A /* ScoresAPP */,
				1A50F65728453DFE00E09D1A /* Products */,
			);
			sourceTree = "<group>";
		};
		1A50F65728453DFE00E09D1A /* Products */ = {
			isa = PBXGroup;
			children = (
				1A50F65628453DFE00E09D1A /* ScoresAPP.app */,
			);
			name = Products;
			sourceTree = "<group>";
		};
		1A50F65828453DFE00E09D1A /* ScoresAPP */ = {
			isa = PBXGroup;
			children = (
				1A50F6702846873A00E09D1A /* Main.storyboard */,
				1AD2694D28685E560094D865 /* CoverItemViewCell.swift */,
				1AD2694B28671B530094D865 /* FavoritesCollectionViewController.swift */,
				1A50F6722846879600E09D1A /* ScoresTableViewController.swift */,
				1AFD07E1284BDDD900A83D09 /* Extension.swift */,
				1A50F67A2847DE8A00E09D1A /* DetailViewController.swift */,
				1AFD07E3284C9F8C00A83D09 /* CustomPickerView.swift */,
				1AFD07EF284D1F7900A83D09 /* Utils.swift */,
				1A50F67428468C7400E09D1A /* Model.swift */,
				1A50F67628468D3D00E09D1A /* ModelLogic.swift */,
				1A50F67828468E7300E09D1A /* JSONLoader.swift */,
				1A50F66228453E0000E09D1A /* Assets.xcassets */,
				1A50F66D28454A3E00E09D1A /* scoresdata.json */,
				1A50F66F28454AF700E09D1A /* System */,
				1A034809285E4E0000081A88 /* MyView.xib */,
			);
			path = ScoresAPP;
			sourceTree = "<group>";
		};
		1A50F66F28454AF700E09D1A /* System */ = {
			isa = PBXGroup;
			children = (
				1A50F65928453DFE00E09D1A /* AppDelegate.swift */,
				1A50F65B28453DFE00E09D1A /* SceneDelegate.swift */,
				1A50F66428453E0000E09D1A /* LaunchScreen.storyboard */,
				1A50F66728453E0000E09D1A /* Info.plist */,
			);
			name = System;
			sourceTree = "<group>";
		};
/* End PBXGroup section */

/* Begin PBXNativeTarget section */
		1A50F65528453DFE00E09D1A /* ScoresAPP */ = {
			isa = PBXNativeTarget;
			buildConfigurationList = 1A50F66A28453E0000E09D1A /* Build configuration list for PBXNativeTarget "ScoresAPP" */;
			buildPhases = (
				1A50F65228453DFE00E09D1A /* Sources */,
				1A50F65328453DFE00E09D1A /* Frameworks */,
				1A50F65428453DFE00E09D1A /* Resources */,
			);
			buildRules = (
			);
			dependencies = (
			);
			name = ScoresAPP;
			productName = ScoresAPP;
			productReference = 1A50F65628453DFE00E09D1A /* ScoresAPP.app */;
			productType = "com.apple.product-type.application";
		};
/* End PBXNativeTarget section */

/* Begin PBXProject section */
		1A50F64E28453DFE00E09D1A /* Project object */ = {
			isa = PBXProject;
			attributes = {
				BuildIndependentTargetsInParallel = 1;
				LastSwiftUpdateCheck = 1340;
				LastUpgradeCheck = 1340;
				TargetAttributes = {
					1A50F65528453DFE00E09D1A = {
						CreatedOnToolsVersion = 13.4;
					};
				};
			};
			buildConfigurationList = 1A50F65128453DFE00E09D1A /* Build configuration list for PBXProject "ScoresAPP" */;
			compatibilityVersion = "Xcode 13.0";
			developmentRegion = en;
			hasScannedForEncodings = 0;
			knownRegions = (
				en,
				Base,
			);
			mainGroup = 1A50F64D28453DFE00E09D1A;
			productRefGroup = 1A50F65728453DFE00E09D1A /* Products */;
			projectDirPath = "";
			projectRoot = "";
			targets = (
				1A50F65528453DFE00E09D1A /* ScoresAPP */,
			);
		};
/* End PBXProject section */

/* Begin PBXResourcesBuildPhase section */
		1A50F65428453DFE00E09D1A /* Resources */ = {
			isa = PBXResourcesBuildPhase;
			buildActionMask = 2147483647;
			files = (
				1A50F66E28454A3E00E09D1A /* scoresdata.json in Resources */,
				1A50F66628453E0000E09D1A /* LaunchScreen.storyboard in Resources */,
				1A50F66328453E0000E09D1A /* Assets.xcassets in Resources */,
				1A03480A285E4E0000081A88 /* MyView.xib in Resources */,
				1A50F6712846873A00E09D1A /* Main.storyboard in Resources */,
			);
			runOnlyForDeploymentPostprocessing = 0;
		};
/* End PBXResourcesBuildPhase section */

/* Begin PBXSourcesBuildPhase section */
		1A50F65228453DFE00E09D1A /* Sources */ = {
			isa = PBXSourcesBuildPhase;
			buildActionMask = 2147483647;
			files = (
				1A50F65A28453DFE00E09D1A /* AppDelegate.swift in Sources */,
				1AD2694C28671B530094D865 /* FavoritesCollectionViewController.swift in Sources */,
				1A50F65C28453DFE00E09D1A /* SceneDelegate.swift in Sources */,
				1AD2694E28685E560094D865 /* CoverItemViewCell.swift in Sources */,
				1A50F67928468E7300E09D1A /* JSONLoader.swift in Sources */,
				1A50F6732846879600E09D1A /* ScoresTableViewController.swift in Sources */,
				1A50F67728468D3D00E09D1A /* ModelLogic.swift in Sources */,
				1AFD07F0284D1F7900A83D09 /* Utils.swift in Sources */,
				1A50F67528468C7400E09D1A /* Model.swift in Sources */,
				1A50F67B2847DE8A00E09D1A /* DetailViewController.swift in Sources */,
				1AFD07E2284BDDD900A83D09 /* Extension.swift in Sources */,
				1AFD07E4284C9F8C00A83D09 /* CustomPickerView.swift in Sources */,
			);
			runOnlyForDeploymentPostprocessing = 0;
		};
/* End PBXSourcesBuildPhase section */

/* Begin PBXVariantGroup section */
		1A50F66428453E0000E09D1A /* LaunchScreen.storyboard */ = {
			isa = PBXVariantGroup;
			children = (
				1A50F66528453E0000E09D1A /* Base */,
			);
			name = LaunchScreen.storyboard;
			sourceTree = "<group>";
		};
/* End PBXVariantGroup section */

/* Begin XCBuildConfiguration section */
		1A50F66828453E0000E09D1A /* Debug */ = {
			isa = XCBuildConfiguration;
			buildSettings = {
				ALWAYS_SEARCH_USER_PATHS = NO;
				CLANG_ANALYZER_NONNULL = YES;
				CLANG_ANALYZER_NUMBER_OBJECT_CONVERSION = YES_AGGRESSIVE;
				CLANG_CXX_LANGUAGE_STANDARD = "gnu++17";
				CLANG_ENABLE_MODULES = YES;
				CLANG_ENABLE_OBJC_ARC = YES;
				CLANG_ENABLE_OBJC_WEAK = YES;
				CLANG_WARN_BLOCK_CAPTURE_AUTORELEASING = YES;
				CLANG_WARN_BOOL_CONVERSION = YES;
				CLANG_WARN_COMMA = YES;
				CLANG_WARN_CONSTANT_CONVERSION = YES;
				CLANG_WARN_DEPRECATED_OBJC_IMPLEMENTATIONS = YES;
				CLANG_WARN_DIRECT_OBJC_ISA_USAGE = YES_ERROR;
				CLANG_WARN_DOCUMENTATION_COMMENTS = YES;
				CLANG_WARN_EMPTY_BODY = YES;
				CLANG_WARN_ENUM_CONVERSION = YES;
				CLANG_WARN_INFINITE_RECURSION = YES;
				CLANG_WARN_INT_CONVERSION = YES;
				CLANG_WARN_NON_LITERAL_NULL_CONVERSION = YES;
				CLANG_WARN_OBJC_IMPLICIT_RETAIN_SELF = YES;
				CLANG_WARN_OBJC_LITERAL_CONVERSION = YES;
				CLANG_WARN_OBJC_ROOT_CLASS = YES_ERROR;
				CLANG_WARN_QUOTED_INCLUDE_IN_FRAMEWORK_HEADER = YES;
				CLANG_WARN_RANGE_LOOP_ANALYSIS = YES;
				CLANG_WARN_STRICT_PROTOTYPES = YES;
				CLANG_WARN_SUSPICIOUS_MOVE = YES;
				CLANG_WARN_UNGUARDED_AVAILABILITY = YES_AGGRESSIVE;
				CLANG_WARN_UNREACHABLE_CODE = YES;
				CLANG_WARN__DUPLICATE_METHOD_MATCH = YES;
				COPY_PHASE_STRIP = NO;
				DEBUG_INFORMATION_FORMAT = dwarf;
				ENABLE_STRICT_OBJC_MSGSEND = YES;
				ENABLE_TESTABILITY = YES;
				GCC_C_LANGUAGE_STANDARD = gnu11;
				GCC_DYNAMIC_NO_PIC = NO;
				GCC_NO_COMMON_BLOCKS = YES;
				GCC_OPTIMIZATION_LEVEL = 0;
				GCC_PREPROCESSOR_DEFINITIONS = (
					"DEBUG=1",
					"$(inherited)",
				);
				GCC_WARN_64_TO_32_BIT_CONVERSION = YES;
				GCC_WARN_ABOUT_RETURN_TYPE = YES_ERROR;
				GCC_WARN_UNDECLARED_SELECTOR = YES;
				GCC_WARN_UNINITIALIZED_AUTOS = YES_AGGRESSIVE;
				GCC_WARN_UNUSED_FUNCTION = YES;
				GCC_WARN_UNUSED_VARIABLE = YES;
				IPHONEOS_DEPLOYMENT_TARGET = 15.5;
				MTL_ENABLE_DEBUG_INFO = INCLUDE_SOURCE;
				MTL_FAST_MATH = YES;
				ONLY_ACTIVE_ARCH = YES;
				SDKROOT = iphoneos;
				SWIFT_ACTIVE_COMPILATION_CONDITIONS = DEBUG;
				SWIFT_OPTIMIZATION_LEVEL = "-Onone";
			};
			name = Debug;
		};
		1A50F66928453E0000E09D1A /* Release */ = {
			isa = XCBuildConfiguration;
			buildSettings = {
				ALWAYS_SEARCH_USER_PATHS = NO;
				CLANG_ANALYZER_NONNULL = YES;
				CLANG_ANALYZER_NUMBER_OBJECT_CONVERSION = YES_AGGRESSIVE;
				CLANG_CXX_LANGUAGE_STANDARD = "gnu++17";
				CLANG_ENABLE_MODULES = YES;
				CLANG_ENABLE_OBJC_ARC = YES;
				CLANG_ENABLE_OBJC_WEAK = YES;
				CLANG_WARN_BLOCK_CAPTURE_AUTORELEASING = YES;
				CLANG_WARN_BOOL_CONVERSION = YES;
				CLANG_WARN_COMMA = YES;
				CLANG_WARN_CONSTANT_CONVERSION = YES;
				CLANG_WARN_DEPRECATED_OBJC_IMPLEMENTATIONS = YES;
				CLANG_WARN_DIRECT_OBJC_ISA_USAGE = YES_ERROR;
				CLANG_WARN_DOCUMENTATION_COMMENTS = YES;
				CLANG_WARN_EMPTY_BODY = YES;
				CLANG_WARN_ENUM_CONVERSION = YES;
				CLANG_WARN_INFINITE_RECURSION = YES;
				CLANG_WARN_INT_CONVERSION = YES;
				CLANG_WARN_NON_LITERAL_NULL_CONVERSION = YES;
				CLANG_WARN_OBJC_IMPLICIT_RETAIN_SELF = YES;
				CLANG_WARN_OBJC_LITERAL_CONVERSION = YES;
				CLANG_WARN_OBJC_ROOT_CLASS = YES_ERROR;
				CLANG_WARN_QUOTED_INCLUDE_IN_FRAMEWORK_HEADER = YES;
				CLANG_WARN_RANGE_LOOP_ANALYSIS = YES;
				CLANG_WARN_STRICT_PROTOTYPES = YES;
				CLANG_WARN_SUSPICIOUS_MOVE = YES;
				CLANG_WARN_UNGUARDED_AVAILABILITY = YES_AGGRESSIVE;
				CLANG_WARN_UNREACHABLE_CODE = YES;
				CLANG_WARN__DUPLICATE_METHOD_MATCH = YES;
				COPY_PHASE_STRIP = NO;
				DEBUG_INFORMATION_FORMAT = "dwarf-with-dsym";
				ENABLE_NS_ASSERTIONS = NO;
				ENABLE_STRICT_OBJC_MSGSEND = YES;
				GCC_C_LANGUAGE_STANDARD = gnu11;
				GCC_NO_COMMON_BLOCKS = YES;
				GCC_WARN_64_TO_32_BIT_CONVERSION = YES;
				GCC_WARN_ABOUT_RETURN_TYPE = YES_ERROR;
				GCC_WARN_UNDECLARED_SELECTOR = YES;
				GCC_WARN_UNINITIALIZED_AUTOS = YES_AGGRESSIVE;
				GCC_WARN_UNUSED_FUNCTION = YES;
				GCC_WARN_UNUSED_VARIABLE = YES;
				IPHONEOS_DEPLOYMENT_TARGET = 15.5;
				MTL_ENABLE_DEBUG_INFO = NO;
				MTL_FAST_MATH = YES;
				SDKROOT = iphoneos;
				SWIFT_COMPILATION_MODE = wholemodule;
				SWIFT_OPTIMIZATION_LEVEL = "-O";
				VALIDATE_PRODUCT = YES;
			};
			name = Release;
		};
		1A50F66B28453E0000E09D1A /* Debug */ = {
			isa = XCBuildConfiguration;
			buildSettings = {
				ASSETCATALOG_COMPILER_APPICON_NAME = AppIcon;
				ASSETCATALOG_COMPILER_GLOBAL_ACCENT_COLOR_NAME = AccentColor;
				CODE_SIGN_STYLE = Automatic;
				CURRENT_PROJECT_VERSION = 1;
				DEVELOPMENT_TEAM = 5X587S7WGV;
				GENERATE_INFOPLIST_FILE = YES;
				INFOPLIST_FILE = ScoresAPP/Info.plist;
				INFOPLIST_KEY_CFBundleDisplayName = MyScoresApp;
				INFOPLIST_KEY_UIApplicationSupportsIndirectInputEvents = YES;
				INFOPLIST_KEY_UILaunchStoryboardName = LaunchScreen;
				INFOPLIST_KEY_UIMainStoryboardFile = Main;
				INFOPLIST_KEY_UISupportedInterfaceOrientations = UIInterfaceOrientationPortrait;
				INFOPLIST_KEY_UISupportedInterfaceOrientations_iPad = "UIInterfaceOrientationPortrait UIInterfaceOrientationPortraitUpsideDown UIInterfaceOrientationLandscapeLeft UIInterfaceOrientationLandscapeRight";
				INFOPLIST_KEY_UISupportedInterfaceOrientations_iPhone = "UIInterfaceOrientationPortrait UIInterfaceOrientationLandscapeLeft UIInterfaceOrientationLandscapeRight";
				IPHONEOS_DEPLOYMENT_TARGET = 15.0;
				LD_RUNPATH_SEARCH_PATHS = (
					"$(inherited)",
					"@executable_path/Frameworks",
				);
				MARKETING_VERSION = 1.0;
				PRODUCT_BUNDLE_IDENTIFIER = bitoSL.ScoresAPP;
				PRODUCT_NAME = "$(TARGET_NAME)";
				SWIFT_EMIT_LOC_STRINGS = YES;
				SWIFT_VERSION = 5.0;
				TARGETED_DEVICE_FAMILY = 1;
			};
			name = Debug;
		};
		1A50F66C28453E0000E09D1A /* Release */ = {
			isa = XCBuildConfiguration;
			buildSettings = {
				ASSETCATALOG_COMPILER_APPICON_NAME = AppIcon;
				ASSETCATALOG_COMPILER_GLOBAL_ACCENT_COLOR_NAME = AccentColor;
				CODE_SIGN_STYLE = Automatic;
				CURRENT_PROJECT_VERSION = 1;
				DEVELOPMENT_TEAM = 5X587S7WGV;
				GENERATE_INFOPLIST_FILE = YES;
				INFOPLIST_FILE = ScoresAPP/Info.plist;
				INFOPLIST_KEY_CFBundleDisplayName = MyScoresApp;
				INFOPLIST_KEY_UIApplicationSupportsIndirectInputEvents = YES;
				INFOPLIST_KEY_UILaunchStoryboardName = LaunchScreen;
				INFOPLIST_KEY_UIMainStoryboardFile = Main;
				INFOPLIST_KEY_UISupportedInterfaceOrientations = UIInterfaceOrientationPortrait;
				INFOPLIST_KEY_UISupportedInterfaceOrientations_iPad = "UIInterfaceOrientationPortrait UIInterfaceOrientationPortraitUpsideDown UIInterfaceOrientationLandscapeLeft UIInterfaceOrientationLandscapeRight";
				INFOPLIST_KEY_UISupportedInterfaceOrientations_iPhone = "UIInterfaceOrientationPortrait UIInterfaceOrientationLandscapeLeft UIInterfaceOrientationLandscapeRight";
				IPHONEOS_DEPLOYMENT_TARGET = 15.0;
				LD_RUNPATH_SEARCH_PATHS = (
					"$(inherited)",
					"@executable_path/Frameworks",
				);
				MARKETING_VERSION = 1.0;
				PRODUCT_BUNDLE_IDENTIFIER = bitoSL.ScoresAPP;
				PRODUCT_NAME = "$(TARGET_NAME)";
				SWIFT_EMIT_LOC_STRINGS = YES;
				SWIFT_VERSION = 5.0;
				TARGETED_DEVICE_FAMILY = 1;
			};
			name = Release;
		};
/* End XCBuildConfiguration section */

/* Begin XCConfigurationList section */
		1A50F65128453DFE00E09D1A /* Build configuration list for PBXProject "ScoresAPP" */ = {
			isa = XCConfigurationList;
			buildConfigurations = (
				1A50F66828453E0000E09D1A /* Debug */,
				1A50F66928453E0000E09D1A /* Release */,
			);
			defaultConfigurationIsVisible = 0;
			defaultConfigurationName = Release;
		};
		1A50F66A28453E0000E09D1A /* Build configuration list for PBXNativeTarget "ScoresAPP" */ = {
			isa = XCConfigurationList;
			buildConfigurations = (
				1A50F66B28453E0000E09D1A /* Debug */,
				1A50F66C28453E0000E09D1A /* Release */,
			);
			defaultConfigurationIsVisible = 0;
			defaultConfigurationName = Release;
		};
/* End XCConfigurationList section */
	};
	rootObject = 1A50F64E28453DFE00E09D1A /* Project object */;
}
